
Microsoft Visual Studio Solution File, Format Version 12.00
# Visual Studio Version 16
VisualStudioVersion = 25.0.1703.5
MinimumVisualStudioVersion = 10.0.40219.1
Project("{FAE04EC0-301F-11D3-BF4B-00C04F79EFBC}") = "webApplication", "webApplication\webApplication.csproj", "{809C6097-98BA-46EC-9F43-0972EEFE9297}"
EndProject
Global
	GlobalSection(SolutionConfigurationPlatforms) = preSolution
		Debug|Any CPU = Debug|Any CPU
		Release|Any CPU = Release|Any CPU
	EndGlobalSection
	GlobalSection(ProjectConfigurationPlatforms) = postSolution
		{809C6097-98BA-46EC-9F43-0972EEFE9297}.Debug|Any CPU.ActiveCfg = Debug|Any CPU
		{809C6097-98BA-46EC-9F43-0972EEFE9297}.Debug|Any CPU.Build.0 = Debug|Any CPU
		{809C6097-98BA-46EC-9F43-0972EEFE9297}.Release|Any CPU.ActiveCfg = Release|Any CPU
		{809C6097-98BA-46EC-9F43-0972EEFE9297}.Release|Any CPU.Build.0 = Release|Any CPU
	EndGlobalSection
	GlobalSection(SolutionProperties) = preSolution
		HideSolutionNode = FALSE
	EndGlobalSection
	GlobalSection(ExtensibilityGlobals) = postSolution
		SolutionGuid = {6B542971-D552-4660-B9C0-B9552CDBB92A}
	EndGlobalSection
EndGlobal
